// !$*UTF8*$!
{
	archiveVersion = 1;
	classes = {
	};
	objectVersion = 55;
	objects = {

/* Begin PBXBuildFile section */
		D3A774FE27FA103900DCE175 /* main.swift in Sources */ = {isa = PBXBuildFile; fileRef = D3A774FD27FA103900DCE175 /* main.swift */; };
		D3A7750527FA105C00DCE175 /* Word.swift in Sources */ = {isa = PBXBuildFile; fileRef = D3A7750427FA105C00DCE175 /* Word.swift */; };
		D3A7750727FA10DA00DCE175 /* SoundInventory.swift in Sources */ = {isa = PBXBuildFile; fileRef = D3A7750627FA10DA00DCE175 /* SoundInventory.swift */; };
		D3A7750927FA10F800DCE175 /* Utils+Extensions.swift in Sources */ = {isa = PBXBuildFile; fileRef = D3A7750827FA10F800DCE175 /* Utils+Extensions.swift */; };
		D3A7750B27FA112A00DCE175 /* AllWords.swift in Sources */ = {isa = PBXBuildFile; fileRef = D3A7750A27FA112A00DCE175 /* AllWords.swift */; };
		D3A7750D27FA116E00DCE175 /* SyllableMethods.swift in Sources */ = {isa = PBXBuildFile; fileRef = D3A7750C27FA116E00DCE175 /* SyllableMethods.swift */; };
		D3A7750F27FA11F800DCE175 /* WordMethods.swift in Sources */ = {isa = PBXBuildFile; fileRef = D3A7750E27FA11F800DCE175 /* WordMethods.swift */; };
		D3A7751127FA126A00DCE175 /* TextMethods.swift in Sources */ = {isa = PBXBuildFile; fileRef = D3A7751027FA126A00DCE175 /* TextMethods.swift */; };
		D3A7751327FA129800DCE175 /* Text.swift in Sources */ = {isa = PBXBuildFile; fileRef = D3A7751227FA129800DCE175 /* Text.swift */; };
/* End PBXBuildFile section */

/* Begin PBXCopyFilesBuildPhase section */
		D3A774F827FA103900DCE175 /* CopyFiles */ = {
			isa = PBXCopyFilesBuildPhase;
			buildActionMask = 2147483647;
			dstPath = /usr/share/man/man1/;
			dstSubfolderSpec = 0;
			files = (
			);
			runOnlyForDeploymentPostprocessing = 1;
		};
/* End PBXCopyFilesBuildPhase section */

/* Begin PBXFileReference section */
		D3A774FA27FA103900DCE175 /* Trasendiversa */ = {isa = PBXFileReference; explicitFileType = "compiled.mach-o.executable"; includeInIndex = 0; path = Trasendiversa; sourceTree = BUILT_PRODUCTS_DIR; };
		D3A774FD27FA103900DCE175 /* main.swift */ = {isa = PBXFileReference; lastKnownFileType = sourcecode.swift; path = main.swift; sourceTree = "<group>"; };
		D3A7750427FA105C00DCE175 /* Word.swift */ = {isa = PBXFileReference; lastKnownFileType = sourcecode.swift; path = Word.swift; sourceTree = "<group>"; };
		D3A7750627FA10DA00DCE175 /* SoundInventory.swift */ = {isa = PBXFileReference; lastKnownFileType = sourcecode.swift; path = SoundInventory.swift; sourceTree = "<group>"; };
		D3A7750827FA10F800DCE175 /* Utils+Extensions.swift */ = {isa = PBXFileReference; lastKnownFileType = sourcecode.swift; path = "Utils+Extensions.swift"; sourceTree = "<group>"; };
		D3A7750A27FA112A00DCE175 /* AllWords.swift */ = {isa = PBXFileReference; lastKnownFileType = sourcecode.swift; path = AllWords.swift; sourceTree = "<group>"; };
		D3A7750C27FA116E00DCE175 /* SyllableMethods.swift */ = {isa = PBXFileReference; lastKnownFileType = sourcecode.swift; path = SyllableMethods.swift; sourceTree = "<group>"; };
		D3A7750E27FA11F800DCE175 /* WordMethods.swift */ = {isa = PBXFileReference; lastKnownFileType = sourcecode.swift; path = WordMethods.swift; sourceTree = "<group>"; };
		D3A7751027FA126A00DCE175 /* TextMethods.swift */ = {isa = PBXFileReference; lastKnownFileType = sourcecode.swift; path = TextMethods.swift; sourceTree = "<group>"; };
		D3A7751227FA129800DCE175 /* Text.swift */ = {isa = PBXFileReference; lastKnownFileType = sourcecode.swift; path = Text.swift; sourceTree = "<group>"; };
/* End PBXFileReference section */

/* Begin PBXFrameworksBuildPhase section */
		D3A774F727FA103900DCE175 /* Frameworks */ = {
			isa = PBXFrameworksBuildPhase;
			buildActionMask = 2147483647;
			files = (
			);
			runOnlyForDeploymentPostprocessing = 0;
		};
/* End PBXFrameworksBuildPhase section */

/* Begin PBXGroup section */
		D3A774F127FA103900DCE175 = {
			isa = PBXGroup;
			children = (
				D3A774FC27FA103900DCE175 /* Trasendiversa */,
				D3A774FB27FA103900DCE175 /* Products */,
			);
			sourceTree = "<group>";
		};
		D3A774FB27FA103900DCE175 /* Products */ = {
			isa = PBXGroup;
			children = (
				D3A774FA27FA103900DCE175 /* Trasendiversa */,
			);
			name = Products;
			sourceTree = "<group>";
		};
		D3A774FC27FA103900DCE175 /* Trasendiversa */ = {
			isa = PBXGroup;
			children = (
				D3A774FD27FA103900DCE175 /* main.swift */,
				D3A7750627FA10DA00DCE175 /* SoundInventory.swift */,
				D3A7750427FA105C00DCE175 /* Word.swift */,
				D3A7750A27FA112A00DCE175 /* AllWords.swift */,
				D3A7750C27FA116E00DCE175 /* SyllableMethods.swift */,
				D3A7750E27FA11F800DCE175 /* WordMethods.swift */,
				D3A7751227FA129800DCE175 /* Text.swift */,
				D3A7751027FA126A00DCE175 /* TextMethods.swift */,
				D3A7750827FA10F800DCE175 /* Utils+Extensions.swift */,
			);
			path = Trasendiversa;
			sourceTree = "<group>";
		};
/* End PBXGroup section */

/* Begin PBXNativeTarget section */
		D3A774F927FA103900DCE175 /* Trasendiversa */ = {
			isa = PBXNativeTarget;
			buildConfigurationList = D3A7750127FA103900DCE175 /* Build configuration list for PBXNativeTarget "Trasendiversa" */;
			buildPhases = (
				D3A774F627FA103900DCE175 /* Sources */,
				D3A774F727FA103900DCE175 /* Frameworks */,
				D3A774F827FA103900DCE175 /* CopyFiles */,
			);
			buildRules = (
			);
			dependencies = (
			);
			name = Trasendiversa;
			productName = Trasendiversa;
			productReference = D3A774FA27FA103900DCE175 /* Trasendiversa */;
			productType = "com.apple.product-type.tool";
		};
/* End PBXNativeTarget section */

/* Begin PBXProject section */
		D3A774F227FA103900DCE175 /* Project object */ = {
			isa = PBXProject;
			attributes = {
				BuildIndependentTargetsInParallel = 1;
				LastSwiftUpdateCheck = 1330;
				LastUpgradeCheck = 1330;
				TargetAttributes = {
					D3A774F927FA103900DCE175 = {
						CreatedOnToolsVersion = 13.3;
					};
				};
			};
			buildConfigurationList = D3A774F527FA103900DCE175 /* Build configuration list for PBXProject "Trasendiversa" */;
			compatibilityVersion = "Xcode 13.0";
			developmentRegion = en;
			hasScannedForEncodings = 0;
			knownRegions = (
				en,
				Base,
			);
			mainGroup = D3A774F127FA103900DCE175;
			productRefGroup = D3A774FB27FA103900DCE175 /* Products */;
			projectDirPath = "";
			projectRoot = "";
			targets = (
				D3A774F927FA103900DCE175 /* Trasendiversa */,
			);
		};
/* End PBXProject section */

/* Begin PBXSourcesBuildPhase section */
		D3A774F627FA103900DCE175 /* Sources */ = {
			isa = PBXSourcesBuildPhase;
			buildActionMask = 2147483647;
			files = (
				D3A774FE27FA103900DCE175 /* main.swift in Sources */,
				D3A7750527FA105C00DCE175 /* Word.swift in Sources */,
				D3A7750727FA10DA00DCE175 /* SoundInventory.swift in Sources */,
				D3A7750D27FA116E00DCE175 /* SyllableMethods.swift in Sources */,
				D3A7751327FA129800DCE175 /* Text.swift in Sources */,
				D3A7750927FA10F800DCE175 /* Utils+Extensions.swift in Sources */,
				D3A7751127FA126A00DCE175 /* TextMethods.swift in Sources */,
				D3A7750B27FA112A00DCE175 /* AllWords.swift in Sources */,
				D3A7750F27FA11F800DCE175 /* WordMethods.swift in Sources */,
			);
			runOnlyForDeploymentPostprocessing = 0;
		};
/* End PBXSourcesBuildPhase section */

/* Begin XCBuildConfiguration section */
		D3A774FF27FA103900DCE175 /* Debug */ = {
			isa = XCBuildConfiguration;
			buildSettings = {
				ALWAYS_SEARCH_USER_PATHS = NO;
				CLANG_ANALYZER_NONNULL = YES;
				CLANG_ANALYZER_NUMBER_OBJECT_CONVERSION = YES_AGGRESSIVE;
				CLANG_CXX_LANGUAGE_STANDARD = "gnu++17";
				CLANG_ENABLE_MODULES = YES;
				CLANG_ENABLE_OBJC_ARC = YES;
				CLANG_ENABLE_OBJC_WEAK = YES;
				CLANG_WARN_BLOCK_CAPTURE_AUTORELEASING = YES;
				CLANG_WARN_BOOL_CONVERSION = YES;
				CLANG_WARN_COMMA = YES;
				CLANG_WARN_CONSTANT_CONVERSION = YES;
				CLANG_WARN_DEPRECATED_OBJC_IMPLEMENTATIONS = YES;
				CLANG_WARN_DIRECT_OBJC_ISA_USAGE = YES_ERROR;
				CLANG_WARN_DOCUMENTATION_COMMENTS = YES;
				CLANG_WARN_EMPTY_BODY = YES;
				CLANG_WARN_ENUM_CONVERSION = YES;
				CLANG_WARN_INFINITE_RECURSION = YES;
				CLANG_WARN_INT_CONVERSION = YES;
				CLANG_WARN_NON_LITERAL_NULL_CONVERSION = YES;
				CLANG_WARN_OBJC_IMPLICIT_RETAIN_SELF = YES;
				CLANG_WARN_OBJC_LITERAL_CONVERSION = YES;
				CLANG_WARN_OBJC_ROOT_CLASS = YES_ERROR;
				CLANG_WARN_QUOTED_INCLUDE_IN_FRAMEWORK_HEADER = YES;
				CLANG_WARN_RANGE_LOOP_ANALYSIS = YES;
				CLANG_WARN_STRICT_PROTOTYPES = YES;
				CLANG_WARN_SUSPICIOUS_MOVE = YES;
				CLANG_WARN_UNGUARDED_AVAILABILITY = YES_AGGRESSIVE;
				CLANG_WARN_UNREACHABLE_CODE = YES;
				CLANG_WARN__DUPLICATE_METHOD_MATCH = YES;
				COPY_PHASE_STRIP = NO;
				DEBUG_INFORMATION_FORMAT = dwarf;
				ENABLE_STRICT_OBJC_MSGSEND = YES;
				ENABLE_TESTABILITY = YES;
				GCC_C_LANGUAGE_STANDARD = gnu11;
				GCC_DYNAMIC_NO_PIC = NO;
				GCC_NO_COMMON_BLOCKS = YES;
				GCC_OPTIMIZATION_LEVEL = 0;
				GCC_PREPROCESSOR_DEFINITIONS = (
					"DEBUG=1",
					"$(inherited)",
				);
				GCC_WARN_64_TO_32_BIT_CONVERSION = YES;
				GCC_WARN_ABOUT_RETURN_TYPE = YES_ERROR;
				GCC_WARN_UNDECLARED_SELECTOR = YES;
				GCC_WARN_UNINITIALIZED_AUTOS = YES_AGGRESSIVE;
				GCC_WARN_UNUSED_FUNCTION = YES;
				GCC_WARN_UNUSED_VARIABLE = YES;
				MACOSX_DEPLOYMENT_TARGET = 12.3;
				MTL_ENABLE_DEBUG_INFO = INCLUDE_SOURCE;
				MTL_FAST_MATH = YES;
				ONLY_ACTIVE_ARCH = YES;
				SDKROOT = macosx;
				SWIFT_ACTIVE_COMPILATION_CONDITIONS = DEBUG;
				SWIFT_OPTIMIZATION_LEVEL = "-Onone";
			};
			name = Debug;
		};
		D3A7750027FA103900DCE175 /* Release */ = {
			isa = XCBuildConfiguration;
			buildSettings = {
				ALWAYS_SEARCH_USER_PATHS = NO;
				CLANG_ANALYZER_NONNULL = YES;
				CLANG_ANALYZER_NUMBER_OBJECT_CONVERSION = YES_AGGRESSIVE;
				CLANG_CXX_LANGUAGE_STANDARD = "gnu++17";
				CLANG_ENABLE_MODULES = YES;
				CLANG_ENABLE_OBJC_ARC = YES;
				CLANG_ENABLE_OBJC_WEAK = YES;
				CLANG_WARN_BLOCK_CAPTURE_AUTORELEASING = YES;
				CLANG_WARN_BOOL_CONVERSION = YES;
				CLANG_WARN_COMMA = YES;
				CLANG_WARN_CONSTANT_CONVERSION = YES;
				CLANG_WARN_DEPRECATED_OBJC_IMPLEMENTATIONS = YES;
				CLANG_WARN_DIRECT_OBJC_ISA_USAGE = YES_ERROR;
				CLANG_WARN_DOCUMENTATION_COMMENTS = YES;
				CLANG_WARN_EMPTY_BODY = YES;
				CLANG_WARN_ENUM_CONVERSION = YES;
				CLANG_WARN_INFINITE_RECURSION = YES;
				CLANG_WARN_INT_CONVERSION = YES;
				CLANG_WARN_NON_LITERAL_NULL_CONVERSION = YES;
				CLANG_WARN_OBJC_IMPLICIT_RETAIN_SELF = YES;
				CLANG_WARN_OBJC_LITERAL_CONVERSION = YES;
				CLANG_WARN_OBJC_ROOT_CLASS = YES_ERROR;
				CLANG_WARN_QUOTED_INCLUDE_IN_FRAMEWORK_HEADER = YES;
				CLANG_WARN_RANGE_LOOP_ANALYSIS = YES;
				CLANG_WARN_STRICT_PROTOTYPES = YES;
				CLANG_WARN_SUSPICIOUS_MOVE = YES;
				CLANG_WARN_UNGUARDED_AVAILABILITY = YES_AGGRESSIVE;
				CLANG_WARN_UNREACHABLE_CODE = YES;
				CLANG_WARN__DUPLICATE_METHOD_MATCH = YES;
				COPY_PHASE_STRIP = NO;
				DEBUG_INFORMATION_FORMAT = "dwarf-with-dsym";
				ENABLE_NS_ASSERTIONS = NO;
				ENABLE_STRICT_OBJC_MSGSEND = YES;
				GCC_C_LANGUAGE_STANDARD = gnu11;
				GCC_NO_COMMON_BLOCKS = YES;
				GCC_WARN_64_TO_32_BIT_CONVERSION = YES;
				GCC_WARN_ABOUT_RETURN_TYPE = YES_ERROR;
				GCC_WARN_UNDECLARED_SELECTOR = YES;
				GCC_WARN_UNINITIALIZED_AUTOS = YES_AGGRESSIVE;
				GCC_WARN_UNUSED_FUNCTION = YES;
				GCC_WARN_UNUSED_VARIABLE = YES;
				MACOSX_DEPLOYMENT_TARGET = 12.3;
				MTL_ENABLE_DEBUG_INFO = NO;
				MTL_FAST_MATH = YES;
				SDKROOT = macosx;
				SWIFT_COMPILATION_MODE = wholemodule;
				SWIFT_OPTIMIZATION_LEVEL = "-O";
			};
			name = Release;
		};
		D3A7750227FA103900DCE175 /* Debug */ = {
			isa = XCBuildConfiguration;
			buildSettings = {
				CODE_SIGN_STYLE = Automatic;
				DEVELOPMENT_TEAM = HB73YMFXYF;
				ENABLE_HARDENED_RUNTIME = YES;
				PRODUCT_NAME = "$(TARGET_NAME)";
				SWIFT_VERSION = 5.0;
			};
			name = Debug;
		};
		D3A7750327FA103900DCE175 /* Release */ = {
			isa = XCBuildConfiguration;
			buildSettings = {
				CODE_SIGN_STYLE = Automatic;
				DEVELOPMENT_TEAM = HB73YMFXYF;
				ENABLE_HARDENED_RUNTIME = YES;
				PRODUCT_NAME = "$(TARGET_NAME)";
				SWIFT_VERSION = 5.0;
			};
			name = Release;
		};
/* End XCBuildConfiguration section */

/* Begin XCConfigurationList section */
		D3A774F527FA103900DCE175 /* Build configuration list for PBXProject "Trasendiversa" */ = {
			isa = XCConfigurationList;
			buildConfigurations = (
				D3A774FF27FA103900DCE175 /* Debug */,
				D3A7750027FA103900DCE175 /* Release */,
			);
			defaultConfigurationIsVisible = 0;
			defaultConfigurationName = Release;
		};
		D3A7750127FA103900DCE175 /* Build configuration list for PBXNativeTarget "Trasendiversa" */ = {
			isa = XCConfigurationList;
			buildConfigurations = (
				D3A7750227FA103900DCE175 /* Debug */,
				D3A7750327FA103900DCE175 /* Release */,
			);
			defaultConfigurationIsVisible = 0;
			defaultConfigurationName = Release;
		};
/* End XCConfigurationList section */
	};
	rootObject = D3A774F227FA103900DCE175 /* Project object */;
}
